<?xml version="1.0" encoding="utf-8"?>
<Project ToolsVersion="4.0" xmlns="http://schemas.microsoft.com/developer/msbuild/2003">
  <ItemGroup>
    <Filter Include="Source Files">
      <UniqueIdentifier>{4FC737F1-C7A5-4376-A066-2A32D752A2FF}</UniqueIdentifier>
      <Extensions>cpp;c;cc;cxx;def;odl;idl;hpj;bat;asm;asmx</Extensions>
    </Filter>
    <Filter Include="Header Files">
      <UniqueIdentifier>{93995380-89BD-4b04-88EB-625FBE52EBFB}</UniqueIdentifier>
      <Extensions>h;hh;hpp;hxx;hm;inl;inc;xsd</Extensions>
    </Filter>
    <Filter Include="Resource Files">
      <UniqueIdentifier>{67DA6AB6-F800-4c08-8B7A-83BB121AAD01}</UniqueIdentifier>
      <Extensions>qrc;rc;ico;cur;bmp;dlg;rc2;rct;bin;rgs;gif;jpg;jpeg;jpe;resx;tiff;tif;png;wav;mfcribbon-ms</Extensions>
    </Filter>
    <Filter Include="Form Files">
      <UniqueIdentifier>{99349809-55BA-4b9d-BF79-8FDBB0286EB3}</UniqueIdentifier>
      <Extensions>ui</Extensions>
    </Filter>
    <Filter Include="Translation Files">
      <UniqueIdentifier>{639EADAA-A684-42e4-A9AD-28FC9BCB8F7C}</UniqueIdentifier>
      <Extensions>ts</Extensions>
    </Filter>
  </ItemGroup>
  <ItemGroup>
    <QtRcc Include="MainWindow.qrc">
      <Filter>Resource Files</Filter>
    </QtRcc>
    <QtUic Include="MainWindow.ui">
      <Filter>Form Files</Filter>
    </QtUic>
    <QtMoc Include="MainWindow.h">
      <Filter>Header Files</Filter>
    </QtMoc>
    <ClCompile Include="MainWindow.cpp">
      <Filter>Source Files</Filter>
    </ClCompile>
    <QtRcc Include="themes\dark\darkstyle.qrc">
      <Filter>Resource Files</Filter>
    </QtRcc>
    <QtRcc Include="themes\dark\framelesswindow.qrc">
      <Filter>Resource Files</Filter>
    </QtRcc>
  </ItemGroup>
  <ItemGroup>
    <ClCompile Include="main.cpp">
      <Filter>Source Files</Filter>
    </ClCompile>
    <ClCompile Include="themes\dark\DarkStyle.cpp">
      <Filter>Source Files</Filter>
    </ClCompile>
    <ClCompile Include="themes\dark\framelesswindow\framelesswindow.cpp">
      <Filter>Source Files</Filter>
    </ClCompile>
    <ClCompile Include="themes\dark\framelesswindow\windowdragger.cpp">
      <Filter>Source Files</Filter>
    </ClCompile>
    <ClCompile Include="src\log\CustomLogMessageHandler.cpp">
      <Filter>Source Files</Filter>
    </ClCompile>
    <ClCompile Include="src\settings\GlobalSettings.cpp">
      <Filter>Source Files</Filter>
    </ClCompile>
    <ClCompile Include="src\gui\process\ProcessAttachDialog.cpp">
      <Filter>Source Files</Filter>
    </ClCompile>
    <ClCompile Include="src\WinExtras.cpp">
      <Filter>Source Files</Filter>
    </ClCompile>
    <ClCompile Include="src\core\BEngine.cpp">
      <Filter>Source Files</Filter>
    </ClCompile>
    <ClCompile Include="src\utility\Random.cpp">
      <Filter>Source Files</Filter>
    </ClCompile>
    <ClCompile Include="src\gui\scan\ScanTabPage.cpp">
      <Filter>Source Files</Filter>
    </ClCompile>
    <ClCompile Include="src\core\provider\BEProvider.cpp">
      <Filter>Source Files</Filter>
    </ClCompile>
    <ClCompile Include="src\core\model\BEWorkspace.cpp">
      <Filter>Source Files</Filter>
    </ClCompile>
    <ClCompile Include="src\core\model\cmd\BECmd.cpp">
      <Filter>Source Files</Filter>
    </ClCompile>
    <ClCompile Include="src\core\model\cmd\BECmdScan.cpp">
      <Filter>Source Files</Filter>
    </ClCompile>
    <ClCompile Include="src\core\model\define.cpp">
      <Filter>Source Files</Filter>
    </ClCompile>
    <ClCompile Include="src\gui\scan\controls\BEHeaderView.cpp">
      <Filter>Source Files</Filter>
    </ClCompile>
    <ClCompile Include="src\utility\JsonMaker.cpp">
      <Filter>Source Files</Filter>
    </ClCompile>
    <ClCompile Include="src\core\model\BEValue.cpp">
      <Filter>Source Files</Filter>
    </ClCompile>
    <ClCompile Include="src\core\model\compare\BECompare.cpp">
      <Filter>Source Files</Filter>
    </ClCompile>
    <ClCompile Include="src\core\model\compare\ExactCompare.cpp">
      <Filter>Source Files</Filter>
    </ClCompile>
    <ClCompile Include="src\settings\ScanSettings.cpp">
      <Filter>Source Files</Filter>
    </ClCompile>
    <ClCompile Include="src\gui\config\ConfigurationDialog.cpp">
      <Filter>Source Files</Filter>
    </ClCompile>
    <ClCompile Include="src\gui\config\ConfigurationScanWidget.cpp">
      <Filter>Source Files</Filter>
    </ClCompile>
    <ClCompile Include="src\core\memory\Memory.cpp">
      <Filter>Source Files</Filter>
    </ClCompile>
    <ClCompile Include="src\core\debugger\Debugger.cpp">
      <Filter>Source Files</Filter>
    </ClCompile>
    <ClCompile Include="src\core\module\MappingFile.cpp">
      <Filter>Source Files</Filter>
    </ClCompile>
    <ClCompile Include="src\core\module\Module.cpp">
      <Filter>Source Files</Filter>
    </ClCompile>
    <ClCompile Include="src\core\module\ModuleSection.cpp">
      <Filter>Source Files</Filter>
    </ClCompile>
    <ClCompile Include="src\core\module\ModuleExport.cpp">
      <Filter>Source Files</Filter>
    </ClCompile>
    <ClCompile Include="src\core\global\global.cpp">
      <Filter>Source Files</Filter>
    </ClCompile>
    <ClCompile Include="src\core\module\ModuleImport.cpp">
      <Filter>Source Files</Filter>
    </ClCompile>
    <ClCompile Include="src\core\module\ModuleRelocation.cpp">
      <Filter>Source Files</Filter>
    </ClCompile>
    <ClCompile Include="src\core\thread\BEThread.cpp">
      <Filter>Source Files</Filter>
    </ClCompile>
    <ClCompile Include="src\core\thread\EnumThreadWorker.cpp">
      <Filter>Source Files</Filter>
    </ClCompile>
    <ClCompile Include="src\core\process\Process.cpp">
      <Filter>Source Files</Filter>
    </ClCompile>
    <ClCompile Include="src\core\thread\BEThreadTracker.cpp">
      <Filter>Source Files</Filter>
    </ClCompile>
    <ClCompile Include="src\core\module\EnumModuleWorker.cpp">
      <Filter>Source Files</Filter>
    </ClCompile>
  </ItemGroup>
  <ItemGroup>
    <QtMoc Include="themes\dark\DarkStyle.h">
      <Filter>Header Files</Filter>
    </QtMoc>
    <QtMoc Include="themes\dark\framelesswindow\framelesswindow.h">
      <Filter>Header Files</Filter>
    </QtMoc>
    <QtMoc Include="themes\dark\framelesswindow\windowdragger.h">
      <Filter>Header Files</Filter>
    </QtMoc>
    <QtMoc Include="src\gui\process\ProcessAttachDialog.h">
      <Filter>Header Files</Filter>
    </QtMoc>
    <QtMoc Include="src\WinExtras.h">
      <Filter>Header Files</Filter>
    </QtMoc>
    <QtMoc Include="src\core\BEngine.h">
      <Filter>Header Files</Filter>
    </QtMoc>
    <QtMoc Include="src\gui\scan\ScanTabPage.h">
      <Filter>Header Files</Filter>
    </QtMoc>
    <QtMoc Include="src\core\provider\BEProvider.h">
      <Filter>Header Files</Filter>
    </QtMoc>
    <QtMoc Include="src\core\model\BEWorkspace.h">
      <Filter>Header Files</Filter>
    </QtMoc>
    <QtMoc Include="src\core\model\cmd\BECmd.h">
      <Filter>Header Files</Filter>
    </QtMoc>
    <QtMoc Include="src\core\model\cmd\BECmdScan.h">
      <Filter>Header Files</Filter>
    </QtMoc>
    <QtMoc Include="src\gui\scan\controls\BEHeaderView.h">
      <Filter>Header Files</Filter>
    </QtMoc>
    <QtMoc Include="src\core\model\BEValue.h">
      <Filter>Header Files</Filter>
    </QtMoc>
    <QtMoc Include="src\core\model\compare\BECompare.h">
      <Filter>Header Files</Filter>
    </QtMoc>
    <QtMoc Include="src\core\model\compare\ExactCompare.h">
      <Filter>Header Files</Filter>
    </QtMoc>
    <QtMoc Include="src\gui\config\ConfigurationDialog.h">
      <Filter>Header Files</Filter>
    </QtMoc>
    <QtMoc Include="src\gui\config\ConfigurationScanWidget.h">
      <Filter>Header Files</Filter>
    </QtMoc>
    <QtMoc Include="src\core\debugger\Debugger.h">
      <Filter>Header Files</Filter>
    </QtMoc>
    <QtMoc Include="src\core\process\Process.h">
      <Filter>Header Files</Filter>
    </QtMoc>
    <QtMoc Include="src\core\module\MappingFile.h">
      <Filter>Header Files</Filter>
    </QtMoc>
    <QtMoc Include="src\core\module\Module.h">
      <Filter>Header Files</Filter>
    </QtMoc>
    <QtMoc Include="src\core\module\ModuleSection.h">
      <Filter>Header Files</Filter>
    </QtMoc>
    <QtMoc Include="src\core\thread\BEThread.h">
      <Filter>Header Files</Filter>
    </QtMoc>
    <QtMoc Include="src\core\thread\EnumThreadWorker.h">
      <Filter>Header Files</Filter>
    </QtMoc>
    <QtMoc Include="src\core\thread\BEThreadTracker.h">
      <Filter>Header Files</Filter>
    </QtMoc>
    <QtMoc Include="src\core\module\EnumModuleWorker.h">
      <Filter>Header Files</Filter>
    </QtMoc>
  </ItemGroup>
  <ItemGroup>
    <QtUic Include="themes\dark\framelesswindow\framelesswindow.ui">
      <Filter>Form Files</Filter>
    </QtUic>
    <QtUic Include="src\gui\process\ProcessAttachDialog.ui">
      <Filter>Form Files</Filter>
    </QtUic>
    <QtUic Include="src\gui\scan\ScanTabPage.ui">
      <Filter>Form Files</Filter>
    </QtUic>
    <QtUic Include="src\gui\config\ConfigurationDialog.ui">
      <Filter>Form Files</Filter>
    </QtUic>
    <QtUic Include="src\gui\config\ConfigurationScanWidget.ui">
      <Filter>Form Files</Filter>
    </QtUic>
  </ItemGroup>
  <ItemGroup>
    <None Include="themes\dark\darkstyle\darkstyle.qss" />
    <None Include="packages.config" />
  </ItemGroup>
  <ItemGroup>
    <Image Include="themes\dark\darkstyle\icon_branch_closed.png">
      <Filter>Resource Files</Filter>
    </Image>
    <Image Include="themes\dark\darkstyle\icon_branch_end.png">
      <Filter>Resource Files</Filter>
    </Image>
    <Image Include="themes\dark\darkstyle\icon_branch_more.png">
      <Filter>Resource Files</Filter>
    </Image>
    <Image Include="themes\dark\darkstyle\icon_branch_open.png">
      <Filter>Resource Files</Filter>
    </Image>
    <Image Include="themes\dark\darkstyle\icon_checkbox_checked.png">
      <Filter>Resource Files</Filter>
    </Image>
    <Image Include="themes\dark\darkstyle\icon_checkbox_checked_disabled.png">
      <Filter>Resource Files</Filter>
    </Image>
    <Image Include="themes\dark\darkstyle\icon_checkbox_checked_pressed.png">
      <Filter>Resource Files</Filter>
    </Image>
    <Image Include="themes\dark\darkstyle\icon_checkbox_indeterminate.png">
      <Filter>Resource Files</Filter>
    </Image>
    <Image Include="themes\dark\darkstyle\icon_checkbox_indeterminate_disabled.png">
      <Filter>Resource Files</Filter>
    </Image>
    <Image Include="themes\dark\darkstyle\icon_checkbox_indeterminate_pressed.png">
      <Filter>Resource Files</Filter>
    </Image>
    <Image Include="themes\dark\darkstyle\icon_checkbox_unchecked.png">
      <Filter>Resource Files</Filter>
    </Image>
    <Image Include="themes\dark\darkstyle\icon_checkbox_unchecked_disabled.png">
      <Filter>Resource Files</Filter>
    </Image>
    <Image Include="themes\dark\darkstyle\icon_checkbox_unchecked_pressed.png">
      <Filter>Resource Files</Filter>
    </Image>
    <Image Include="themes\dark\darkstyle\icon_close.png">
      <Filter>Resource Files</Filter>
    </Image>
    <Image Include="themes\dark\darkstyle\icon_radiobutton_checked.png">
      <Filter>Resource Files</Filter>
    </Image>
    <Image Include="themes\dark\darkstyle\icon_radiobutton_checked_disabled.png">
      <Filter>Resource Files</Filter>
    </Image>
    <Image Include="themes\dark\darkstyle\icon_radiobutton_checked_pressed.png">
      <Filter>Resource Files</Filter>
    </Image>
    <Image Include="themes\dark\darkstyle\icon_radiobutton_unchecked.png">
      <Filter>Resource Files</Filter>
    </Image>
    <Image Include="themes\dark\darkstyle\icon_radiobutton_unchecked_disabled.png">
      <Filter>Resource Files</Filter>
    </Image>
    <Image Include="themes\dark\darkstyle\icon_radiobutton_unchecked_pressed.png">
      <Filter>Resource Files</Filter>
    </Image>
    <Image Include="themes\dark\darkstyle\icon_restore.png">
      <Filter>Resource Files</Filter>
    </Image>
    <Image Include="themes\dark\darkstyle\icon_undock.png">
      <Filter>Resource Files</Filter>
    </Image>
    <Image Include="themes\dark\darkstyle\icon_vline.png">
      <Filter>Resource Files</Filter>
    </Image>
    <Image Include="themes\dark\images\icon_window_close.png">
      <Filter>Resource Files</Filter>
    </Image>
    <Image Include="themes\dark\images\icon_window_maximize.png">
      <Filter>Resource Files</Filter>
    </Image>
    <Image Include="themes\dark\images\icon_window_minimize.png">
      <Filter>Resource Files</Filter>
    </Image>
    <Image Include="themes\dark\images\icon_window_restore.png">
      <Filter>Resource Files</Filter>
    </Image>
  </ItemGroup>
  <ItemGroup>
    <ClInclude Include="src\log\CustomLogMessageHandler.h">
      <Filter>Header Files</Filter>
    </ClInclude>
    <ClInclude Include="src\settings\GlobalSettings.h">
      <Filter>Header Files</Filter>
    </ClInclude>
    <ClInclude Include="src\utility\utility.h">
      <Filter>Header Files</Filter>
    </ClInclude>
    <ClInclude Include="src\utility\Random.h">
      <Filter>Header Files</Filter>
    </ClInclude>
    <ClInclude Include="src\undocument.h">
      <Filter>Header Files</Filter>
    </ClInclude>
    <ClInclude Include="src\core\model\define.h">
      <Filter>Header Files</Filter>
    </ClInclude>
    <ClInclude Include="src\utility\JsonMaker.h">
      <Filter>Header Files</Filter>
    </ClInclude>
    <ClInclude Include="src\settings\ScanSettings.h">
      <Filter>Header Files</Filter>
    </ClInclude>
    <ClInclude Include="src\core\egine_types.h">
      <Filter>Header Files</Filter>
    </ClInclude>
    <ClInclude Include="src\core\memory\Memory.h">
      <Filter>Header Files</Filter>
    </ClInclude>
    <ClInclude Include="src\core\module\module_types.h">
      <Filter>Header Files</Filter>
    </ClInclude>
    <ClInclude Include="src\core\global\global.h">
      <Filter>Header Files</Filter>
    </ClInclude>
    <ClInclude Include="src\core\module\ModuleExport.h">
      <Filter>Header Files</Filter>
    </ClInclude>
    <ClInclude Include="src\core\symbol\symbol_types.h">
      <Filter>Header Files</Filter>
    </ClInclude>
    <ClInclude Include="src\core\symbol\symbol_undecorator.h">
      <Filter>Header Files</Filter>
    </ClInclude>
    <ClInclude Include="src\core\global\be_assert.h">
      <Filter>Header Files</Filter>
    </ClInclude>
    <ClInclude Include="src\core\module\ModuleImport.h">
      <Filter>Header Files</Filter>
    </ClInclude>
    <ClInclude Include="src\core\module\ModuleRelocation.h">
      <Filter>Header Files</Filter>
    </ClInclude>
  </ItemGroup>
</Project>